// !$*UTF8*$!
{
	archiveVersion = 1;
	classes = {
	};
	objectVersion = 46;
	objects = {

/* Begin PBXBuildFile section */
		A818E0E91EBC121400DA57EC /* main.m in Sources */ = {isa = PBXBuildFile; fileRef = A818E0E81EBC121400DA57EC /* main.m */; };
		A818E0F41EBC121400DA57EC /* Assets.xcassets in Resources */ = {isa = PBXBuildFile; fileRef = A818E0F31EBC121400DA57EC /* Assets.xcassets */; };
		A818E1071EBC1AE700DA57EC /* AppDelegate.m in Sources */ = {isa = PBXBuildFile; fileRef = A818E1011EBC1AE700DA57EC /* AppDelegate.m */; };
		A818E1101EBC1C8F00DA57EC /* SHViewController.m in Sources */ = {isa = PBXBuildFile; fileRef = A818E10F1EBC1C8F00DA57EC /* SHViewController.m */; };
		A818E1131EBC1CA900DA57EC /* SHUserListViewController.m in Sources */ = {isa = PBXBuildFile; fileRef = A818E1121EBC1CA900DA57EC /* SHUserListViewController.m */; };
		A818E1161EBC1DF100DA57EC /* SHConfig.m in Sources */ = {isa = PBXBuildFile; fileRef = A818E1151EBC1DF100DA57EC /* SHConfig.m */; };
		A818E1191EBC1EDD00DA57EC /* SKHTTPSessionManager+SHSessionManager.m in Sources */ = {isa = PBXBuildFile; fileRef = A818E1181EBC1EDD00DA57EC /* SKHTTPSessionManager+SHSessionManager.m */; };
		A818E11C1EBC284100DA57EC /* SHModel.m in Sources */ = {isa = PBXBuildFile; fileRef = A818E11B1EBC284100DA57EC /* SHModel.m */; };
		A818E11F1EBC285600DA57EC /* SHUserModel.m in Sources */ = {isa = PBXBuildFile; fileRef = A818E11E1EBC285600DA57EC /* SHUserModel.m */; };
		A818E1221EBC286B00DA57EC /* SHRepoModel.m in Sources */ = {isa = PBXBuildFile; fileRef = A818E1211EBC286B00DA57EC /* SHRepoModel.m */; };
		A818E1251EBC28AC00DA57EC /* SHUserItemModel.m in Sources */ = {isa = PBXBuildFile; fileRef = A818E1241EBC28AC00DA57EC /* SHUserItemModel.m */; };
		A818E1281EBC43CB00DA57EC /* SHLoadingHudManager.m in Sources */ = {isa = PBXBuildFile; fileRef = A818E1271EBC43CB00DA57EC /* SHLoadingHudManager.m */; };
		A818E12D1EBC51E200DA57EC /* SHTableViewCell.m in Sources */ = {isa = PBXBuildFile; fileRef = A818E12C1EBC51E200DA57EC /* SHTableViewCell.m */; };
		A818E1301EBC51FA00DA57EC /* SHUserListTableViewCell.m in Sources */ = {isa = PBXBuildFile; fileRef = A818E12F1EBC51FA00DA57EC /* SHUserListTableViewCell.m */; };
		A818E1331EBC52E200DA57EC /* SHConstants.m in Sources */ = {isa = PBXBuildFile; fileRef = A818E1321EBC52E200DA57EC /* SHConstants.m */; };
		F0F0A47994402E6B7AFD0889 /* Pods_searchuser.framework in Frameworks */ = {isa = PBXBuildFile; fileRef = 3153226191F55677B8A6FC02 /* Pods_searchuser.framework */; };
/* End PBXBuildFile section */

/* Begin PBXFileReference section */
		099D0DB85B0DF971EFB4F6DA /* Pods-searchuser.debug.xcconfig */ = {isa = PBXFileReference; includeInIndex = 1; lastKnownFileType = text.xcconfig; name = "Pods-searchuser.debug.xcconfig"; path = "Pods/Target Support Files/Pods-searchuser/Pods-searchuser.debug.xcconfig"; sourceTree = "<group>"; };
		3153226191F55677B8A6FC02 /* Pods_searchuser.framework */ = {isa = PBXFileReference; explicitFileType = wrapper.framework; includeInIndex = 0; path = Pods_searchuser.framework; sourceTree = BUILT_PRODUCTS_DIR; };
		96F337A84A37AF5024B2FD4F /* Pods-searchuser.release.xcconfig */ = {isa = PBXFileReference; includeInIndex = 1; lastKnownFileType = text.xcconfig; name = "Pods-searchuser.release.xcconfig"; path = "Pods/Target Support Files/Pods-searchuser/Pods-searchuser.release.xcconfig"; sourceTree = "<group>"; };
		A818E0E41EBC121400DA57EC /* searchuser.app */ = {isa = PBXFileReference; explicitFileType = wrapper.application; includeInIndex = 0; path = searchuser.app; sourceTree = BUILT_PRODUCTS_DIR; };
		A818E0E81EBC121400DA57EC /* main.m */ = {isa = PBXFileReference; lastKnownFileType = sourcecode.c.objc; path = main.m; sourceTree = "<group>"; };
		A818E0F31EBC121400DA57EC /* Assets.xcassets */ = {isa = PBXFileReference; lastKnownFileType = folder.assetcatalog; path = Assets.xcassets; sourceTree = "<group>"; };
		A818E0F81EBC121400DA57EC /* Info.plist */ = {isa = PBXFileReference; lastKnownFileType = text.plist.xml; path = Info.plist; sourceTree = "<group>"; };
		A818E1001EBC1AE700DA57EC /* AppDelegate.h */ = {isa = PBXFileReference; fileEncoding = 4; lastKnownFileType = sourcecode.c.h; path = AppDelegate.h; sourceTree = "<group>"; };
		A818E1011EBC1AE700DA57EC /* AppDelegate.m */ = {isa = PBXFileReference; fileEncoding = 4; lastKnownFileType = sourcecode.c.objc; path = AppDelegate.m; sourceTree = "<group>"; };
		A818E1081EBC1B1300DA57EC /* PrefixHeader.pch */ = {isa = PBXFileReference; lastKnownFileType = sourcecode.c.h; path = PrefixHeader.pch; sourceTree = "<group>"; };
		A818E10E1EBC1C8F00DA57EC /* SHViewController.h */ = {isa = PBXFileReference; fileEncoding = 4; lastKnownFileType = sourcecode.c.h; path = SHViewController.h; sourceTree = "<group>"; };
		A818E10F1EBC1C8F00DA57EC /* SHViewController.m */ = {isa = PBXFileReference; fileEncoding = 4; lastKnownFileType = sourcecode.c.objc; path = SHViewController.m; sourceTree = "<group>"; };
		A818E1111EBC1CA900DA57EC /* SHUserListViewController.h */ = {isa = PBXFileReference; fileEncoding = 4; lastKnownFileType = sourcecode.c.h; path = SHUserListViewController.h; sourceTree = "<group>"; };
		A818E1121EBC1CA900DA57EC /* SHUserListViewController.m */ = {isa = PBXFileReference; fileEncoding = 4; lastKnownFileType = sourcecode.c.objc; path = SHUserListViewController.m; sourceTree = "<group>"; };
		A818E1141EBC1DF100DA57EC /* SHConfig.h */ = {isa = PBXFileReference; fileEncoding = 4; lastKnownFileType = sourcecode.c.h; path = SHConfig.h; sourceTree = "<group>"; };
		A818E1151EBC1DF100DA57EC /* SHConfig.m */ = {isa = PBXFileReference; fileEncoding = 4; lastKnownFileType = sourcecode.c.objc; path = SHConfig.m; sourceTree = "<group>"; };
		A818E1171EBC1EDD00DA57EC /* SKHTTPSessionManager+SHSessionManager.h */ = {isa = PBXFileReference; fileEncoding = 4; lastKnownFileType = sourcecode.c.h; path = "SKHTTPSessionManager+SHSessionManager.h"; sourceTree = "<group>"; };
		A818E1181EBC1EDD00DA57EC /* SKHTTPSessionManager+SHSessionManager.m */ = {isa = PBXFileReference; fileEncoding = 4; lastKnownFileType = sourcecode.c.objc; path = "SKHTTPSessionManager+SHSessionManager.m"; sourceTree = "<group>"; };
		A818E11A1EBC284100DA57EC /* SHModel.h */ = {isa = PBXFileReference; fileEncoding = 4; lastKnownFileType = sourcecode.c.h; path = SHModel.h; sourceTree = "<group>"; };
		A818E11B1EBC284100DA57EC /* SHModel.m */ = {isa = PBXFileReference; fileEncoding = 4; lastKnownFileType = sourcecode.c.objc; path = SHModel.m; sourceTree = "<group>"; };
		A818E11D1EBC285600DA57EC /* SHUserModel.h */ = {isa = PBXFileReference; fileEncoding = 4; lastKnownFileType = sourcecode.c.h; path = SHUserModel.h; sourceTree = "<group>"; };
		A818E11E1EBC285600DA57EC /* SHUserModel.m */ = {isa = PBXFileReference; fileEncoding = 4; lastKnownFileType = sourcecode.c.objc; path = SHUserModel.m; sourceTree = "<group>"; };
		A818E1201EBC286B00DA57EC /* SHRepoModel.h */ = {isa = PBXFileReference; fileEncoding = 4; lastKnownFileType = sourcecode.c.h; path = SHRepoModel.h; sourceTree = "<group>"; };
		A818E1211EBC286B00DA57EC /* SHRepoModel.m */ = {isa = PBXFileReference; fileEncoding = 4; lastKnownFileType = sourcecode.c.objc; path = SHRepoModel.m; sourceTree = "<group>"; };
		A818E1231EBC28AC00DA57EC /* SHUserItemModel.h */ = {isa = PBXFileReference; fileEncoding = 4; lastKnownFileType = sourcecode.c.h; path = SHUserItemModel.h; sourceTree = "<group>"; };
		A818E1241EBC28AC00DA57EC /* SHUserItemModel.m */ = {isa = PBXFileReference; fileEncoding = 4; lastKnownFileType = sourcecode.c.objc; path = SHUserItemModel.m; sourceTree = "<group>"; };
		A818E1261EBC43CB00DA57EC /* SHLoadingHudManager.h */ = {isa = PBXFileReference; fileEncoding = 4; lastKnownFileType = sourcecode.c.h; path = SHLoadingHudManager.h; sourceTree = "<group>"; };
		A818E1271EBC43CB00DA57EC /* SHLoadingHudManager.m */ = {isa = PBXFileReference; fileEncoding = 4; lastKnownFileType = sourcecode.c.objc; path = SHLoadingHudManager.m; sourceTree = "<group>"; };
		A818E12B1EBC51E200DA57EC /* SHTableViewCell.h */ = {isa = PBXFileReference; fileEncoding = 4; lastKnownFileType = sourcecode.c.h; path = SHTableViewCell.h; sourceTree = "<group>"; };
		A818E12C1EBC51E200DA57EC /* SHTableViewCell.m */ = {isa = PBXFileReference; fileEncoding = 4; lastKnownFileType = sourcecode.c.objc; path = SHTableViewCell.m; sourceTree = "<group>"; };
		A818E12E1EBC51FA00DA57EC /* SHUserListTableViewCell.h */ = {isa = PBXFileReference; fileEncoding = 4; lastKnownFileType = sourcecode.c.h; path = SHUserListTableViewCell.h; sourceTree = "<group>"; };
		A818E12F1EBC51FA00DA57EC /* SHUserListTableViewCell.m */ = {isa = PBXFileReference; fileEncoding = 4; lastKnownFileType = sourcecode.c.objc; path = SHUserListTableViewCell.m; sourceTree = "<group>"; };
		A818E1311EBC52E200DA57EC /* SHConstants.h */ = {isa = PBXFileReference; fileEncoding = 4; lastKnownFileType = sourcecode.c.h; path = SHConstants.h; sourceTree = "<group>"; };
		A818E1321EBC52E200DA57EC /* SHConstants.m */ = {isa = PBXFileReference; fileEncoding = 4; lastKnownFileType = sourcecode.c.objc; path = SHConstants.m; sourceTree = "<group>"; };
/* End PBXFileReference section */

/* Begin PBXFrameworksBuildPhase section */
		A818E0E11EBC121400DA57EC /* Frameworks */ = {
			isa = PBXFrameworksBuildPhase;
			buildActionMask = 2147483647;
			files = (
				F0F0A47994402E6B7AFD0889 /* Pods_searchuser.framework in Frameworks */,
			);
			runOnlyForDeploymentPostprocessing = 0;
		};
/* End PBXFrameworksBuildPhase section */

/* Begin PBXGroup section */
		31283E41D54459649A42DDFB /* Pods */ = {
			isa = PBXGroup;
			children = (
				099D0DB85B0DF971EFB4F6DA /* Pods-searchuser.debug.xcconfig */,
				96F337A84A37AF5024B2FD4F /* Pods-searchuser.release.xcconfig */,
			);
			name = Pods;
			sourceTree = "<group>";
		};
		A818E0DB1EBC121400DA57EC = {
			isa = PBXGroup;
			children = (
				A818E0E61EBC121400DA57EC /* searchuser */,
				A818E0E51EBC121400DA57EC /* Products */,
				31283E41D54459649A42DDFB /* Pods */,
				D57757F7E54D0B22D7E8E1D0 /* Frameworks */,
			);
			indentWidth = 2;
			sourceTree = "<group>";
			tabWidth = 2;
		};
		A818E0E51EBC121400DA57EC /* Products */ = {
			isa = PBXGroup;
			children = (
				A818E0E41EBC121400DA57EC /* searchuser.app */,
			);
			name = Products;
			sourceTree = "<group>";
		};
		A818E0E61EBC121400DA57EC /* searchuser */ = {
			isa = PBXGroup;
			children = (
				A818E0FE1EBC1AE700DA57EC /* Classes */,
				A818E0F31EBC121400DA57EC /* Assets.xcassets */,
				A818E0F81EBC121400DA57EC /* Info.plist */,
				A818E0E71EBC121400DA57EC /* Supporting Files */,
			);
			path = searchuser;
			sourceTree = "<group>";
		};
		A818E0E71EBC121400DA57EC /* Supporting Files */ = {
			isa = PBXGroup;
			children = (
				A818E0E81EBC121400DA57EC /* main.m */,
				A818E1081EBC1B1300DA57EC /* PrefixHeader.pch */,
			);
			name = "Supporting Files";
			sourceTree = "<group>";
		};
		A818E0FE1EBC1AE700DA57EC /* Classes */ = {
			isa = PBXGroup;
			children = (
				A818E0FF1EBC1AE700DA57EC /* AppDelegate */,
				A818E1021EBC1AE700DA57EC /* Constant */,
				A818E1031EBC1AE700DA57EC /* Features */,
				A818E1041EBC1AE700DA57EC /* Models */,
				A818E1051EBC1AE700DA57EC /* Network */,
				A818E1061EBC1AE700DA57EC /* Utils */,
			);
			path = Classes;
			sourceTree = "<group>";
		};
		A818E0FF1EBC1AE700DA57EC /* AppDelegate */ = {
			isa = PBXGroup;
			children = (
				A818E1001EBC1AE700DA57EC /* AppDelegate.h */,
				A818E1011EBC1AE700DA57EC /* AppDelegate.m */,
			);
			path = AppDelegate;
			sourceTree = "<group>";
		};
		A818E1021EBC1AE700DA57EC /* Constant */ = {
			isa = PBXGroup;
			children = (
				A818E1141EBC1DF100DA57EC /* SHConfig.h */,
				A818E1151EBC1DF100DA57EC /* SHConfig.m */,
				A818E1311EBC52E200DA57EC /* SHConstants.h */,
				A818E1321EBC52E200DA57EC /* SHConstants.m */,
			);
			path = Constant;
			sourceTree = "<group>";
		};
		A818E1031EBC1AE700DA57EC /* Features */ = {
			isa = PBXGroup;
			children = (
				A818E1091EBC1C6800DA57EC /* Base */,
				A818E10A1EBC1C6800DA57EC /* UserList */,
			);
			path = Features;
			sourceTree = "<group>";
		};
		A818E1041EBC1AE700DA57EC /* Models */ = {
			isa = PBXGroup;
			children = (
				A818E11D1EBC285600DA57EC /* SHUserModel.h */,
				A818E11E1EBC285600DA57EC /* SHUserModel.m */,
				A818E1201EBC286B00DA57EC /* SHRepoModel.h */,
				A818E1211EBC286B00DA57EC /* SHRepoModel.m */,
				A818E1231EBC28AC00DA57EC /* SHUserItemModel.h */,
				A818E1241EBC28AC00DA57EC /* SHUserItemModel.m */,
			);
			path = Models;
			sourceTree = "<group>";
		};
		A818E1051EBC1AE700DA57EC /* Network */ = {
			isa = PBXGroup;
			children = (
				A818E1171EBC1EDD00DA57EC /* SKHTTPSessionManager+SHSessionManager.h */,
				A818E1181EBC1EDD00DA57EC /* SKHTTPSessionManager+SHSessionManager.m */,
			);
			path = Network;
			sourceTree = "<group>";
		};
		A818E1061EBC1AE700DA57EC /* Utils */ = {
			isa = PBXGroup;
			children = (
				A818E1261EBC43CB00DA57EC /* SHLoadingHudManager.h */,
				A818E1271EBC43CB00DA57EC /* SHLoadingHudManager.m */,
			);
			path = Utils;
			sourceTree = "<group>";
		};
		A818E1091EBC1C6800DA57EC /* Base */ = {
			isa = PBXGroup;
			children = (
				A818E10E1EBC1C8F00DA57EC /* SHViewController.h */,
				A818E10F1EBC1C8F00DA57EC /* SHViewController.m */,
				A818E11A1EBC284100DA57EC /* SHModel.h */,
				A818E11B1EBC284100DA57EC /* SHModel.m */,
				A818E12B1EBC51E200DA57EC /* SHTableViewCell.h */,
				A818E12C1EBC51E200DA57EC /* SHTableViewCell.m */,
			);
			path = Base;
			sourceTree = "<group>";
		};
		A818E10A1EBC1C6800DA57EC /* UserList */ = {
			isa = PBXGroup;
			children = (
				A818E1111EBC1CA900DA57EC /* SHUserListViewController.h */,
				A818E1121EBC1CA900DA57EC /* SHUserListViewController.m */,
				A818E12E1EBC51FA00DA57EC /* SHUserListTableViewCell.h */,
				A818E12F1EBC51FA00DA57EC /* SHUserListTableViewCell.m */,
			);
			path = UserList;
			sourceTree = "<group>";
		};
		D57757F7E54D0B22D7E8E1D0 /* Frameworks */ = {
			isa = PBXGroup;
			children = (
				3153226191F55677B8A6FC02 /* Pods_searchuser.framework */,
			);
			name = Frameworks;
			sourceTree = "<group>";
		};
/* End PBXGroup section */

/* Begin PBXNativeTarget section */
		A818E0E31EBC121400DA57EC /* searchuser */ = {
			isa = PBXNativeTarget;
			buildConfigurationList = A818E0FB1EBC121400DA57EC /* Build configuration list for PBXNativeTarget "searchuser" */;
			buildPhases = (
				4D35522B7399CC2F01C85150 /* [CP] Check Pods Manifest.lock */,
				A818E0E01EBC121400DA57EC /* Sources */,
				A818E0E11EBC121400DA57EC /* Frameworks */,
				A818E0E21EBC121400DA57EC /* Resources */,
				6D7F1F8347ED605195958502 /* [CP] Embed Pods Frameworks */,
				B47EACD8C5D0664C8162A15F /* [CP] Copy Pods Resources */,
			);
			buildRules = (
			);
			dependencies = (
			);
			name = searchuser;
			productName = searchuser;
			productReference = A818E0E41EBC121400DA57EC /* searchuser.app */;
			productType = "com.apple.product-type.application";
		};
/* End PBXNativeTarget section */

/* Begin PBXProject section */
		A818E0DC1EBC121400DA57EC /* Project object */ = {
			isa = PBXProject;
			attributes = {
				CLASSPREFIX = SH;
				LastUpgradeCheck = 0830;
				ORGANIZATIONNAME = shuu;
				TargetAttributes = {
					A818E0E31EBC121400DA57EC = {
						CreatedOnToolsVersion = 8.3.2;
						ProvisioningStyle = Automatic;
					};
				};
			};
			buildConfigurationList = A818E0DF1EBC121400DA57EC /* Build configuration list for PBXProject "searchuser" */;
			compatibilityVersion = "Xcode 3.2";
			developmentRegion = English;
			hasScannedForEncodings = 0;
			knownRegions = (
				en,
				Base,
			);
			mainGroup = A818E0DB1EBC121400DA57EC;
			productRefGroup = A818E0E51EBC121400DA57EC /* Products */;
			projectDirPath = "";
			projectRoot = "";
			targets = (
				A818E0E31EBC121400DA57EC /* searchuser */,
			);
		};
/* End PBXProject section */

/* Begin PBXResourcesBuildPhase section */
		A818E0E21EBC121400DA57EC /* Resources */ = {
			isa = PBXResourcesBuildPhase;
			buildActionMask = 2147483647;
			files = (
				A818E0F41EBC121400DA57EC /* Assets.xcassets in Resources */,
			);
			runOnlyForDeploymentPostprocessing = 0;
		};
/* End PBXResourcesBuildPhase section */

/* Begin PBXShellScriptBuildPhase section */
		4D35522B7399CC2F01C85150 /* [CP] Check Pods Manifest.lock */ = {
			isa = PBXShellScriptBuildPhase;
			buildActionMask = 2147483647;
			files = (
			);
			inputPaths = (
			);
			name = "[CP] Check Pods Manifest.lock";
			outputPaths = (
			);
			runOnlyForDeploymentPostprocessing = 0;
			shellPath = /bin/sh;
			shellScript = "diff \"${PODS_ROOT}/../Podfile.lock\" \"${PODS_ROOT}/Manifest.lock\" > /dev/null\nif [ $? != 0 ] ; then\n    # print error to STDERR\n    echo \"error: The sandbox is not in sync with the Podfile.lock. Run 'pod install' or update your CocoaPods installation.\" >&2\n    exit 1\nfi\n";
			showEnvVarsInLog = 0;
		};
		6D7F1F8347ED605195958502 /* [CP] Embed Pods Frameworks */ = {
			isa = PBXShellScriptBuildPhase;
			buildActionMask = 2147483647;
			files = (
			);
			inputPaths = (
			);
			name = "[CP] Embed Pods Frameworks";
			outputPaths = (
			);
			runOnlyForDeploymentPostprocessing = 0;
			shellPath = /bin/sh;
			shellScript = "\"${SRCROOT}/Pods/Target Support Files/Pods-searchuser/Pods-searchuser-frameworks.sh\"\n";
			showEnvVarsInLog = 0;
		};
		B47EACD8C5D0664C8162A15F /* [CP] Copy Pods Resources */ = {
			isa = PBXShellScriptBuildPhase;
			buildActionMask = 2147483647;
			files = (
			);
			inputPaths = (
			);
			name = "[CP] Copy Pods Resources";
			outputPaths = (
			);
			runOnlyForDeploymentPostprocessing = 0;
			shellPath = /bin/sh;
			shellScript = "\"${SRCROOT}/Pods/Target Support Files/Pods-searchuser/Pods-searchuser-resources.sh\"\n";
			showEnvVarsInLog = 0;
		};
/* End PBXShellScriptBuildPhase section */

/* Begin PBXSourcesBuildPhase section */
		A818E0E01EBC121400DA57EC /* Sources */ = {
			isa = PBXSourcesBuildPhase;
			buildActionMask = 2147483647;
			files = (
				A818E1161EBC1DF100DA57EC /* SHConfig.m in Sources */,
				A818E1071EBC1AE700DA57EC /* AppDelegate.m in Sources */,
				A818E1191EBC1EDD00DA57EC /* SKHTTPSessionManager+SHSessionManager.m in Sources */,
				A818E11F1EBC285600DA57EC /* SHUserModel.m in Sources */,
				A818E1281EBC43CB00DA57EC /* SHLoadingHudManager.m in Sources */,
				A818E1251EBC28AC00DA57EC /* SHUserItemModel.m in Sources */,
				A818E1221EBC286B00DA57EC /* SHRepoModel.m in Sources */,
				A818E1101EBC1C8F00DA57EC /* SHViewController.m in Sources */,
				A818E1331EBC52E200DA57EC /* SHConstants.m in Sources */,
				A818E11C1EBC284100DA57EC /* SHModel.m in Sources */,
				A818E1301EBC51FA00DA57EC /* SHUserListTableViewCell.m in Sources */,
				A818E1131EBC1CA900DA57EC /* SHUserListViewController.m in Sources */,
				A818E12D1EBC51E200DA57EC /* SHTableViewCell.m in Sources */,
				A818E0E91EBC121400DA57EC /* main.m in Sources */,
			);
			runOnlyForDeploymentPostprocessing = 0;
		};
/* End PBXSourcesBuildPhase section */

/* Begin XCBuildConfiguration section */
		A818E0F91EBC121400DA57EC /* Debug */ = {
			isa = XCBuildConfiguration;
			buildSettings = {
				ALWAYS_SEARCH_USER_PATHS = NO;
				CLANG_ANALYZER_NONNULL = YES;
				CLANG_ANALYZER_NUMBER_OBJECT_CONVERSION = YES_AGGRESSIVE;
				CLANG_CXX_LANGUAGE_STANDARD = "gnu++0x";
				CLANG_CXX_LIBRARY = "libc++";
				CLANG_ENABLE_MODULES = YES;
				CLANG_ENABLE_OBJC_ARC = YES;
				CLANG_WARN_BOOL_CONVERSION = YES;
				CLANG_WARN_CONSTANT_CONVERSION = YES;
				CLANG_WARN_DIRECT_OBJC_ISA_USAGE = YES_ERROR;
				CLANG_WARN_DOCUMENTATION_COMMENTS = YES;
				CLANG_WARN_EMPTY_BODY = YES;
				CLANG_WARN_ENUM_CONVERSION = YES;
				CLANG_WARN_INFINITE_RECURSION = YES;
				CLANG_WARN_INT_CONVERSION = YES;
				CLANG_WARN_OBJC_ROOT_CLASS = YES_ERROR;
				CLANG_WARN_SUSPICIOUS_MOVE = YES;
				CLANG_WARN_UNREACHABLE_CODE = YES;
				CLANG_WARN__DUPLICATE_METHOD_MATCH = YES;
				"CODE_SIGN_IDENTITY[sdk=iphoneos*]" = "iPhone Developer";
				COPY_PHASE_STRIP = NO;
				DEBUG_INFORMATION_FORMAT = dwarf;
				ENABLE_STRICT_OBJC_MSGSEND = YES;
				ENABLE_TESTABILITY = YES;
				GCC_C_LANGUAGE_STANDARD = gnu99;
				GCC_DYNAMIC_NO_PIC = NO;
				GCC_NO_COMMON_BLOCKS = YES;
				GCC_OPTIMIZATION_LEVEL = 0;
				GCC_PREPROCESSOR_DEFINITIONS = (
					"DEBUG=1",
					"$(inherited)",
				);
				GCC_WARN_64_TO_32_BIT_CONVERSION = YES;
				GCC_WARN_ABOUT_RETURN_TYPE = YES_ERROR;
				GCC_WARN_UNDECLARED_SELECTOR = YES;
				GCC_WARN_UNINITIALIZED_AUTOS = YES_AGGRESSIVE;
				GCC_WARN_UNUSED_FUNCTION = YES;
				GCC_WARN_UNUSED_VARIABLE = YES;
				IPHONEOS_DEPLOYMENT_TARGET = 10.3;
				MTL_ENABLE_DEBUG_INFO = YES;
				ONLY_ACTIVE_ARCH = YES;
				SDKROOT = iphoneos;
			};
			name = Debug;
		};
		A818E0FA1EBC121400DA57EC /* Release */ = {
			isa = XCBuildConfiguration;
			buildSettings = {
				ALWAYS_SEARCH_USER_PATHS = NO;
				CLANG_ANALYZER_NONNULL = YES;
				CLANG_ANALYZER_NUMBER_OBJECT_CONVERSION = YES_AGGRESSIVE;
				CLANG_CXX_LANGUAGE_STANDARD = "gnu++0x";
				CLANG_CXX_LIBRARY = "libc++";
				CLANG_ENABLE_MODULES = YES;
				CLANG_ENABLE_OBJC_ARC = YES;
				CLANG_WARN_BOOL_CONVERSION = YES;
				CLANG_WARN_CONSTANT_CONVERSION = YES;
				CLANG_WARN_DIRECT_OBJC_ISA_USAGE = YES_ERROR;
				CLANG_WARN_DOCUMENTATION_COMMENTS = YES;
				CLANG_WARN_EMPTY_BODY = YES;
				CLANG_WARN_ENUM_CONVERSION = YES;
				CLANG_WARN_INFINITE_RECURSION = YES;
				CLANG_WARN_INT_CONVERSION = YES;
				CLANG_WARN_OBJC_ROOT_CLASS = YES_ERROR;
				CLANG_WARN_SUSPICIOUS_MOVE = YES;
				CLANG_WARN_UNREACHABLE_CODE = YES;
				CLANG_WARN__DUPLICATE_METHOD_MATCH = YES;
				"CODE_SIGN_IDENTITY[sdk=iphoneos*]" = "iPhone Developer";
				COPY_PHASE_STRIP = NO;
				DEBUG_INFORMATION_FORMAT = "dwarf-with-dsym";
				ENABLE_NS_ASSERTIONS = NO;
				ENABLE_STRICT_OBJC_MSGSEND = YES;
				GCC_C_LANGUAGE_STANDARD = gnu99;
				GCC_NO_COMMON_BLOCKS = YES;
				GCC_WARN_64_TO_32_BIT_CONVERSION = YES;
				GCC_WARN_ABOUT_RETURN_TYPE = YES_ERROR;
				GCC_WARN_UNDECLARED_SELECTOR = YES;
				GCC_WARN_UNINITIALIZED_AUTOS = YES_AGGRESSIVE;
				GCC_WARN_UNUSED_FUNCTION = YES;
				GCC_WARN_UNUSED_VARIABLE = YES;
				IPHONEOS_DEPLOYMENT_TARGET = 10.3;
				MTL_ENABLE_DEBUG_INFO = NO;
				SDKROOT = iphoneos;
				VALIDATE_PRODUCT = YES;
			};
			name = Release;
		};
		A818E0FC1EBC121400DA57EC /* Debug */ = {
			isa = XCBuildConfiguration;
			baseConfigurationReference = 099D0DB85B0DF971EFB4F6DA /* Pods-searchuser.debug.xcconfig */;
			buildSettings = {
				ASSETCATALOG_COMPILER_APPICON_NAME = AppIcon;
				ASSETCATALOG_COMPILER_LAUNCHIMAGE_NAME = LaunchImage;
				GCC_PREFIX_HEADER = "$(SRCROOT)/searchuser/PrefixHeader.pch";
				INFOPLIST_FILE = searchuser/Info.plist;
				IPHONEOS_DEPLOYMENT_TARGET = 8.0;
				LD_RUNPATH_SEARCH_PATHS = "$(inherited) @executable_path/Frameworks";
				PRODUCT_BUNDLE_IDENTIFIER = com.shuu.searchuser;
				PRODUCT_NAME = "$(TARGET_NAME)";
			};
			name = Debug;
		};
		A818E0FD1EBC121400DA57EC /* Release */ = {
			isa = XCBuildConfiguration;
			baseConfigurationReference = 96F337A84A37AF5024B2FD4F /* Pods-searchuser.release.xcconfig */;
			buildSettings = {
				ASSETCATALOG_COMPILER_APPICON_NAME = AppIcon;
				ASSETCATALOG_COMPILER_LAUNCHIMAGE_NAME = LaunchImage;
				GCC_PREFIX_HEADER = "$(SRCROOT)/searchuser/PrefixHeader.pch";
				INFOPLIST_FILE = searchuser/Info.plist;
				IPHONEOS_DEPLOYMENT_TARGET = 8.0;
				LD_RUNPATH_SEARCH_PATHS = "$(inherited) @executable_path/Frameworks";
				PRODUCT_BUNDLE_IDENTIFIER = com.shuu.searchuser;
				PRODUCT_NAME = "$(TARGET_NAME)";
			};
			name = Release;
		};
/* End XCBuildConfiguration section */

/* Begin XCConfigurationList section */
		A818E0DF1EBC121400DA57EC /* Build configuration list for PBXProject "searchuser" */ = {
			isa = XCConfigurationList;
			buildConfigurations = (
				A818E0F91EBC121400DA57EC /* Debug */,
				A818E0FA1EBC121400DA57EC /* Release */,
			);
			defaultConfigurationIsVisible = 0;
			defaultConfigurationName = Release;
		};
		A818E0FB1EBC121400DA57EC /* Build configuration list for PBXNativeTarget "searchuser" */ = {
			isa = XCConfigurationList;
			buildConfigurations = (
				A818E0FC1EBC121400DA57EC /* Debug */,
				A818E0FD1EBC121400DA57EC /* Release */,
			);
			defaultConfigurationIsVisible = 0;
			defaultConfigurationName = Release;
		};
/* End XCConfigurationList section */
	};
	rootObject = A818E0DC1EBC121400DA57EC /* Project object */;
}
